
Microsoft Visual Studio Solution File, Format Version 12.00
# Visual Studio 15
VisualStudioVersion = 15.0.28307.271
MinimumVisualStudioVersion = 10.0.40219.1
Project("{8BC9CEB8-8B4A-11D0-8D11-00A0C91BC942}") = "TM25ReadWrite", "TM25ReadWrite\TM25ReadWrite.vcxproj", "{C1B234E2-237D-41C9-A16E-38290B39FAEC}"
EndProject
Project("{8BC9CEB8-8B4A-11D0-8D11-00A0C91BC942}") = "Playground", "Playground\Playground.vcxproj", "{4B9F8454-2A02-4B5C-8616-AFA241E238AC}"
EndProject
Project("{8BC9CEB8-8B4A-11D0-8D11-00A0C91BC942}") = "InterpolateRaySet", "InterpolateRaySet\InterpolateRaySet.vcxproj", "{029385D9-D291-404B-ADB0-54DFB779747E}"
EndProject
Project("{8BC9CEB8-8B4A-11D0-8D11-00A0C91BC942}") = "ConvertASAPToTM25", "ConvertASAPToTM25\ConvertASAPToTM25.vcxproj", "{F59715DF-D1D1-4CD8-8351-BD7B09891DCF}"
EndProject
Global
	GlobalSection(SolutionConfigurationPlatforms) = preSolution
		Debug|x64 = Debug|x64
		Debug|x86 = Debug|x86
		Release|x64 = Release|x64
		Release|x86 = Release|x86
	EndGlobalSection
	GlobalSection(ProjectConfigurationPlatforms) = postSolution
		{C1B234E2-237D-41C9-A16E-38290B39FAEC}.Debug|x64.ActiveCfg = Debug|x64
		{C1B234E2-237D-41C9-A16E-38290B39FAEC}.Debug|x64.Build.0 = Debug|x64
		{C1B234E2-237D-41C9-A16E-38290B39FAEC}.Debug|x86.ActiveCfg = Debug|Win32
		{C1B234E2-237D-41C9-A16E-38290B39FAEC}.Debug|x86.Build.0 = Debug|Win32
		{C1B234E2-237D-41C9-A16E-38290B39FAEC}.Release|x64.ActiveCfg = Release|x64
		{C1B234E2-237D-41C9-A16E-38290B39FAEC}.Release|x64.Build.0 = Release|x64
		{C1B234E2-237D-41C9-A16E-38290B39FAEC}.Release|x86.ActiveCfg = Release|Win32
		{C1B234E2-237D-41C9-A16E-38290B39FAEC}.Release|x86.Build.0 = Release|Win32
		{4B9F8454-2A02-4B5C-8616-AFA241E238AC}.Debug|x64.ActiveCfg = Debug|x64
		{4B9F8454-2A02-4B5C-8616-AFA241E238AC}.Debug|x64.Build.0 = Debug|x64
		{4B9F8454-2A02-4B5C-8616-AFA241E238AC}.Debug|x86.ActiveCfg = Debug|Win32
		{4B9F8454-2A02-4B5C-8616-AFA241E238AC}.Debug|x86.Build.0 = Debug|Win32
		{4B9F8454-2A02-4B5C-8616-AFA241E238AC}.Release|x64.ActiveCfg = Release|x64
		{4B9F8454-2A02-4B5C-8616-AFA241E238AC}.Release|x64.Build.0 = Release|x64
		{4B9F8454-2A02-4B5C-8616-AFA241E238AC}.Release|x86.ActiveCfg = Release|Win32
		{4B9F8454-2A02-4B5C-8616-AFA241E238AC}.Release|x86.Build.0 = Release|Win32
		{029385D9-D291-404B-ADB0-54DFB779747E}.Debug|x64.ActiveCfg = Debug|x64
		{029385D9-D291-404B-ADB0-54DFB779747E}.Debug|x64.Build.0 = Debug|x64
		{029385D9-D291-404B-ADB0-54DFB779747E}.Debug|x86.ActiveCfg = Debug|Win32
		{029385D9-D291-404B-ADB0-54DFB779747E}.Debug|x86.Build.0 = Debug|Win32
		{029385D9-D291-404B-ADB0-54DFB779747E}.Release|x64.ActiveCfg = Release|x64
		{029385D9-D291-404B-ADB0-54DFB779747E}.Release|x64.Build.0 = Release|x64
		{029385D9-D291-404B-ADB0-54DFB779747E}.Release|x86.ActiveCfg = Release|Win32
		{029385D9-D291-404B-ADB0-54DFB779747E}.Release|x86.Build.0 = Release|Win32
		{F59715DF-D1D1-4CD8-8351-BD7B09891DCF}.Debug|x64.ActiveCfg = Debug|x64
		{F59715DF-D1D1-4CD8-8351-BD7B09891DCF}.Debug|x64.Build.0 = Debug|x64
		{F59715DF-D1D1-4CD8-8351-BD7B09891DCF}.Debug|x86.ActiveCfg = Debug|Win32
		{F59715DF-D1D1-4CD8-8351-BD7B09891DCF}.Debug|x86.Build.0 = Debug|Win32
		{F59715DF-D1D1-4CD8-8351-BD7B09891DCF}.Release|x64.ActiveCfg = Release|x64
		{F59715DF-D1D1-4CD8-8351-BD7B09891DCF}.Release|x64.Build.0 = Release|x64
		{F59715DF-D1D1-4CD8-8351-BD7B09891DCF}.Release|x86.ActiveCfg = Release|Win32
		{F59715DF-D1D1-4CD8-8351-BD7B09891DCF}.Release|x86.Build.0 = Release|Win32
	EndGlobalSection
	GlobalSection(SolutionProperties) = preSolution
		HideSolutionNode = FALSE
	EndGlobalSection
	GlobalSection(ExtensibilityGlobals) = postSolution
		SolutionGuid = {87DE184F-E272-46DA-9AB1-B65030EC3A7F}
	EndGlobalSection
EndGlobal
